
Microsoft Visual Studio Solution File, Format Version 12.00
# Visual Studio Version 17
VisualStudioVersion = 17.13.35931.197 d17.13
MinimumVisualStudioVersion = 10.0.40219.1
Project("{FAE04EC0-301F-11D3-BF4B-00C04F79EFBC}") = "fourHorsemen-Online-Video-Game-Database", "fourHorsemen-Online-Video-Game-Database.csproj", "{5D252E74-2A2B-47AD-95F2-AEF2AC8CCC8A}"
EndProject
Global
	GlobalSection(SolutionConfigurationPlatforms) = preSolution
		Debug|Any CPU = Debug|Any CPU
		Release|Any CPU = Release|Any CPU
	EndGlobalSection
	GlobalSection(ProjectConfigurationPlatforms) = postSolution
		{5D252E74-2A2B-47AD-95F2-AEF2AC8CCC8A}.Debug|Any CPU.ActiveCfg = Debug|Any CPU
		{5D252E74-2A2B-47AD-95F2-AEF2AC8CCC8A}.Debug|Any CPU.Build.0 = Debug|Any CPU
		{5D252E74-2A2B-47AD-95F2-AEF2AC8CCC8A}.Release|Any CPU.ActiveCfg = Release|Any CPU
		{5D252E74-2A2B-47AD-95F2-AEF2AC8CCC8A}.Release|Any CPU.Build.0 = Release|Any CPU
	EndGlobalSection
	GlobalSection(SolutionProperties) = preSolution
		HideSolutionNode = FALSE
	EndGlobalSection
	GlobalSection(ExtensibilityGlobals) = postSolution
		SolutionGuid = {67D21CFC-5672-4E0E-B937-6B25006802C4}
	EndGlobalSection
EndGlobal
